{
  "version": 4,
  "terraform_version": "1.3.7",
  "serial": 106,
  "lineage": "05bdeea8-58e1-7a9a-7b64-b064f95b54f3",
  "outputs": {
    "cluster_ca_certificate": {
      "value": "-----BEGIN CERTIFICATE-----\nMIIC5zCCAc+gAwIBAgIBADANBgkqhkiG9w0BAQsFADAVMRMwEQYDVQQDEwprdWJl\ncm5ldGVzMB4XDTIzMDIxNjEwNDI0N1oXDTMzMDIxMzEwNDI0N1owFTETMBEGA1UE\nAxMKa3ViZXJuZXRlczCCASIwDQYJKoZIhvcNAQEBBQADggEPADCCAQoCggEBAL8e\ndhmVgBZrZLSHCfK54YymgUilQah0eYRJN5tPqSgr5NzYFd0nOzX/RntxjQukfLqD\ne6gNN44nMBbQ+M0izWKfLqjBiHengtiqST5G54uEv3KJAfcgFljMpo3OOLKMQchD\n0BAuJIPMROS2DElbOk32tXPz1Jj+qmwe4fBIaxLZ5ziojgqgSQ+zJmACCxUnvtVG\nPB23gf2vXY/kX9F+ttWwvfw8a9mjJYoCWaf1WPWtnyNPI/8uzObgD26tSjp5doB8\nnvqXunfsdHW1qp9bszG/KZ/wZ4sIgj7rXM9eRSUkyNarbD6IMkbVpgmFF8QfdjV0\nhZHSmQh1BlO7jtgIIucCAwEAAaNCMEAwDgYDVR0PAQH/BAQDAgKkMA8GA1UdEwEB\n/wQFMAMBAf8wHQYDVR0OBBYEFG6BWucveyJS7U64iiM+Vhe43JCYMA0GCSqGSIb3\nDQEBCwUAA4IBAQCczrfiOhv5HIJStJ+eOuuBlVWxq806+L+cIAW1TSejkh9FXK6C\nYBSLexECaDlr4n8+pJQT/C04GXu5d+ZRtPZkpgbK952Gy+E/WlnIE5X2RUXVrK5Q\nw1UKprNQHkKpH6m63z8AjzdiYlfn2rmSjNN25w1yBPlMldLKk+jeYq2Pr3Mw9wCw\nhPDZQsoBNRqAzKtqMuAieD/oaBlIELohdakQc4ACTrlp0TaoftNSoF0gyA0EexFB\nxbArfhlGIr2l2UoYb4AeR/uH/nGqf7Q45cfTL4iwYMk+5F3Ao9ZMjlmRBVWWRcNr\niWZ3Xum2CqP813UyKdBgNskK/NjEo/SYIiY7\n-----END CERTIFICATE-----\n",
      "type": "string"
    },
    "cluster_hosts_fips": {
      "value": {
        "rc1a-jv3d64ws8fo06hyh.mdb.yandexcloud.net": false,
        "rc1b-mdqvx84eovj15o11.mdb.yandexcloud.net": false,
        "rc1c-0snaucic3vacm8ee.mdb.yandexcloud.net": false
      },
      "type": [
        "map",
        "bool"
      ]
    },
    "cluster_hosts_fqdns": {
      "value": [
        [
          "rc1a-jv3d64ws8fo06hyh.mdb.yandexcloud.net",
          "rc1b-mdqvx84eovj15o11.mdb.yandexcloud.net",
          "rc1c-0snaucic3vacm8ee.mdb.yandexcloud.net"
        ]
      ],
      "type": [
        "tuple",
        [
          [
            "list",
            "string"
          ]
        ]
      ]
    },
    "cluster_id": {
      "value": "cat6d2glstobkrotcklg",
      "type": "string"
    },
    "external_v4_endpoint": {
      "value": "https://51.250.38.122",
      "type": "string"
    }
  },
  "resources": [
    {
      "mode": "managed",
      "type": "yandex_iam_service_account",
      "name": "docker-registry",
      "provider": "provider[\"registry.terraform.io/yandex-cloud/yandex\"]",
      "instances": [
        {
          "schema_version": 0,
          "attributes": {
            "created_at": "2023-02-16T10:42:42Z",
            "description": "service account to use container registry",
            "folder_id": "b1ge911130k5mdbil616",
            "id": "aje6fb7vkfgrg0e1jjeq",
            "name": "docker",
            "timeouts": null
          },
          "sensitive_attributes": [],
          "private": "eyJlMmJmYjczMC1lY2FhLTExZTYtOGY4OC0zNDM2M2JjN2M0YzAiOnsiY3JlYXRlIjo2MDAwMDAwMDAwMCwiZGVsZXRlIjo2MDAwMDAwMDAwMCwidXBkYXRlIjo2MDAwMDAwMDAwMH19"
        }
      ]
    },
    {
      "mode": "managed",
      "type": "yandex_iam_service_account",
      "name": "instances-editor",
      "provider": "provider[\"registry.terraform.io/yandex-cloud/yandex\"]",
      "instances": [
        {
          "schema_version": 0,
          "attributes": {
            "created_at": "2023-02-16T10:42:41Z",
            "description": "service account to manage VMs",
            "folder_id": "b1ge911130k5mdbil616",
            "id": "ajepjvc0ci2ag2phjmjq",
            "name": "instances",
            "timeouts": null
          },
          "sensitive_attributes": [],
          "private": "eyJlMmJmYjczMC1lY2FhLTExZTYtOGY4OC0zNDM2M2JjN2M0YzAiOnsiY3JlYXRlIjo2MDAwMDAwMDAwMCwiZGVsZXRlIjo2MDAwMDAwMDAwMCwidXBkYXRlIjo2MDAwMDAwMDAwMH19"
        }
      ]
    },
    {
      "mode": "managed",
      "type": "yandex_kms_symmetric_key",
      "name": "key-a",
      "provider": "provider[\"registry.terraform.io/yandex-cloud/yandex\"]",
      "instances": [
        {
          "schema_version": 0,
          "attributes": {
            "created_at": "2023-02-16T10:42:41Z",
            "default_algorithm": "AES_128",
            "description": "description for key",
            "folder_id": "b1ge911130k5mdbil616",
            "id": "abj74folkdrgb0b3b3lm",
            "labels": null,
            "name": "kuber-symmetric-key",
            "rotated_at": "",
            "rotation_period": "8760h0m0s",
            "status": "active",
            "timeouts": null
          },
          "sensitive_attributes": [],
          "private": "eyJlMmJmYjczMC1lY2FhLTExZTYtOGY4OC0zNDM2M2JjN2M0YzAiOnsiY3JlYXRlIjo2MDAwMDAwMDAwMCwiZGVsZXRlIjo2MDAwMDAwMDAwMCwicmVhZCI6NjAwMDAwMDAwMDAsInVwZGF0ZSI6NjAwMDAwMDAwMDB9fQ=="
        }
      ]
    },
    {
      "mode": "managed",
      "type": "yandex_kubernetes_cluster",
      "name": "test-kuber",
      "provider": "provider[\"registry.terraform.io/yandex-cloud/yandex\"]",
      "instances": [
        {
          "schema_version": 0,
          "attributes": {
            "cluster_ipv4_range": "10.112.0.0/16",
            "cluster_ipv6_range": "",
            "created_at": "2023-02-16T10:42:46Z",
            "description": "description",
            "folder_id": "b1ge911130k5mdbil616",
            "health": "healthy",
            "id": "cat6d2glstobkrotcklg",
            "kms_provider": [
              {
                "key_id": "abj74folkdrgb0b3b3lm"
              }
            ],
            "labels": {
              "my_key": "test_labels",
              "my_other_key": "test_key"
            },
            "log_group_id": "ckgs478m2fm59j3mfb8a",
            "master": [
              {
                "cluster_ca_certificate": "-----BEGIN CERTIFICATE-----\nMIIC5zCCAc+gAwIBAgIBADANBgkqhkiG9w0BAQsFADAVMRMwEQYDVQQDEwprdWJl\ncm5ldGVzMB4XDTIzMDIxNjEwNDI0N1oXDTMzMDIxMzEwNDI0N1owFTETMBEGA1UE\nAxMKa3ViZXJuZXRlczCCASIwDQYJKoZIhvcNAQEBBQADggEPADCCAQoCggEBAL8e\ndhmVgBZrZLSHCfK54YymgUilQah0eYRJN5tPqSgr5NzYFd0nOzX/RntxjQukfLqD\ne6gNN44nMBbQ+M0izWKfLqjBiHengtiqST5G54uEv3KJAfcgFljMpo3OOLKMQchD\n0BAuJIPMROS2DElbOk32tXPz1Jj+qmwe4fBIaxLZ5ziojgqgSQ+zJmACCxUnvtVG\nPB23gf2vXY/kX9F+ttWwvfw8a9mjJYoCWaf1WPWtnyNPI/8uzObgD26tSjp5doB8\nnvqXunfsdHW1qp9bszG/KZ/wZ4sIgj7rXM9eRSUkyNarbD6IMkbVpgmFF8QfdjV0\nhZHSmQh1BlO7jtgIIucCAwEAAaNCMEAwDgYDVR0PAQH/BAQDAgKkMA8GA1UdEwEB\n/wQFMAMBAf8wHQYDVR0OBBYEFG6BWucveyJS7U64iiM+Vhe43JCYMA0GCSqGSIb3\nDQEBCwUAA4IBAQCczrfiOhv5HIJStJ+eOuuBlVWxq806+L+cIAW1TSejkh9FXK6C\nYBSLexECaDlr4n8+pJQT/C04GXu5d+ZRtPZkpgbK952Gy+E/WlnIE5X2RUXVrK5Q\nw1UKprNQHkKpH6m63z8AjzdiYlfn2rmSjNN25w1yBPlMldLKk+jeYq2Pr3Mw9wCw\nhPDZQsoBNRqAzKtqMuAieD/oaBlIELohdakQc4ACTrlp0TaoftNSoF0gyA0EexFB\nxbArfhlGIr2l2UoYb4AeR/uH/nGqf7Q45cfTL4iwYMk+5F3Ao9ZMjlmRBVWWRcNr\niWZ3Xum2CqP813UyKdBgNskK/NjEo/SYIiY7\n-----END CERTIFICATE-----\n",
                "external_v4_address": "51.250.38.122",
                "external_v4_endpoint": "https://51.250.38.122",
                "external_v6_address": "",
                "external_v6_endpoint": "",
                "internal_v4_address": "10.10.0.20",
                "internal_v4_endpoint": "https://10.10.0.20",
                "maintenance_policy": [
                  {
                    "auto_upgrade": true,
                    "maintenance_window": [
                      {
                        "day": "friday",
                        "duration": "4h30m",
                        "start_time": "10:00"
                      },
                      {
                        "day": "monday",
                        "duration": "3h",
                        "start_time": "15:00"
                      }
                    ]
                  }
                ],
                "master_logging": [],
                "public_ip": true,
                "regional": [
                  {
                    "location": [
                      {
                        "subnet_id": "e9b2qvnnk83n42ks2dbo",
                        "zone": "ru-central1-a"
                      },
                      {
                        "subnet_id": "e2l47vgtv5io5eov4gh8",
                        "zone": "ru-central1-b"
                      },
                      {
                        "subnet_id": "b0ciu6lj4jdlojhe0260",
                        "zone": "ru-central1-c"
                      }
                    ],
                    "region": "ru-central1"
                  }
                ],
                "security_group_ids": null,
                "version": "1.23",
                "version_info": [
                  {
                    "current_version": "1.23",
                    "new_revision_available": false,
                    "new_revision_summary": "",
                    "version_deprecated": false
                  }
                ],
                "zonal": []
              }
            ],
            "name": "test-kuber",
            "network_id": "enp9io8b82ceua4ifthi",
            "network_implementation": [],
            "network_policy_provider": "CALICO",
            "node_ipv4_cidr_mask_size": 24,
            "node_service_account_id": "aje6fb7vkfgrg0e1jjeq",
            "release_channel": "STABLE",
            "service_account_id": "ajepjvc0ci2ag2phjmjq",
            "service_ipv4_range": "10.96.0.0/16",
            "service_ipv6_range": "",
            "status": "running",
            "timeouts": null
          },
          "sensitive_attributes": [],
          "private": "eyJlMmJmYjczMC1lY2FhLTExZTYtOGY4OC0zNDM2M2JjN2M0YzAiOnsiY3JlYXRlIjoxODAwMDAwMDAwMDAwLCJkZWxldGUiOjEyMDAwMDAwMDAwMDAsInJlYWQiOjMwMDAwMDAwMDAwMCwidXBkYXRlIjoxODAwMDAwMDAwMDAwfX0=",
          "dependencies": [
            "yandex_iam_service_account.docker-registry",
            "yandex_iam_service_account.instances-editor",
            "yandex_kms_symmetric_key.key-a",
            "yandex_vpc_network.network-1",
            "yandex_vpc_subnet.public-subnet-a",
            "yandex_vpc_subnet.public-subnet-b",
            "yandex_vpc_subnet.public-subnet-c"
          ]
        }
      ]
    },
    {
      "mode": "managed",
      "type": "yandex_kubernetes_node_group",
      "name": "kuber_node_group",
      "provider": "provider[\"registry.terraform.io/yandex-cloud/yandex\"]",
      "instances": [
        {
          "schema_version": 0,
          "attributes": {
            "allocation_policy": [
              {
                "location": [
                  {
                    "subnet_id": "e9b2qvnnk83n42ks2dbo",
                    "zone": "ru-central1-a"
                  }
                ]
              }
            ],
            "allowed_unsafe_sysctls": null,
            "cluster_id": "cat6d2glstobkrotcklg",
            "created_at": "2023-02-16T10:47:28Z",
            "deploy_policy": [
              {
                "max_expansion": 3,
                "max_unavailable": 0
              }
            ],
            "description": "description",
            "id": "cat9a11hsdb4b92t4tr7",
            "instance_group_id": "cl1us1lrjlg9jd3uitvj",
            "instance_template": [
              {
                "boot_disk": [
                  {
                    "size": 34,
                    "type": "network-hdd"
                  }
                ],
                "container_runtime": [],
                "labels": null,
                "metadata": {},
                "name": "",
                "nat": true,
                "network_acceleration_type": "type_unspecified",
                "network_interface": [
                  {
                    "ipv4": true,
                    "ipv4_dns_records": [],
                    "ipv6": false,
                    "ipv6_dns_records": [],
                    "nat": true,
                    "security_group_ids": null,
                    "subnet_ids": [
                      "e9b2qvnnk83n42ks2dbo"
                    ]
                  }
                ],
                "placement_policy": [],
                "platform_id": "standard-v2",
                "resources": [
                  {
                    "core_fraction": 5,
                    "cores": 2,
                    "gpus": 0,
                    "memory": 2
                  }
                ],
                "scheduling_policy": [
                  {
                    "preemptible": false
                  }
                ]
              }
            ],
            "labels": {
              "group_name": "test-group"
            },
            "maintenance_policy": [
              {
                "auto_repair": true,
                "auto_upgrade": true,
                "maintenance_window": [
                  {
                    "day": "friday",
                    "duration": "4h30m",
                    "start_time": "10:00"
                  },
                  {
                    "day": "monday",
                    "duration": "3h",
                    "start_time": "15:00"
                  }
                ]
              }
            ],
            "name": "test-group",
            "node_labels": null,
            "node_taints": null,
            "scale_policy": [
              {
                "auto_scale": [
                  {
                    "initial": 3,
                    "max": 6,
                    "min": 3
                  }
                ],
                "fixed_scale": []
              }
            ],
            "status": "running",
            "timeouts": null,
            "version": "1.23",
            "version_info": [
              {
                "current_version": "1.23",
                "new_revision_available": false,
                "new_revision_summary": "",
                "version_deprecated": false
              }
            ]
          },
          "sensitive_attributes": [],
          "private": "eyJlMmJmYjczMC1lY2FhLTExZTYtOGY4OC0zNDM2M2JjN2M0YzAiOnsiY3JlYXRlIjozNjAwMDAwMDAwMDAwLCJkZWxldGUiOjEyMDAwMDAwMDAwMDAsInJlYWQiOjYwMDAwMDAwMDAwMCwidXBkYXRlIjozNjAwMDAwMDAwMDAwfX0=",
          "dependencies": [
            "yandex_iam_service_account.docker-registry",
            "yandex_iam_service_account.instances-editor",
            "yandex_kms_symmetric_key.key-a",
            "yandex_kubernetes_cluster.test-kuber",
            "yandex_vpc_network.network-1",
            "yandex_vpc_subnet.public-subnet-a",
            "yandex_vpc_subnet.public-subnet-b",
            "yandex_vpc_subnet.public-subnet-c"
          ]
        }
      ]
    },
    {
      "mode": "managed",
      "type": "yandex_mdb_mysql_cluster",
      "name": "mysql-cluster",
      "provider": "provider[\"registry.terraform.io/yandex-cloud/yandex\"]",
      "instances": [
        {
          "schema_version": 0,
          "attributes": {
            "access": [
              {
                "data_lens": false,
                "data_transfer": false,
                "web_sql": false
              }
            ],
            "allow_regeneration_host": false,
            "backup_retain_period_days": 7,
            "backup_window_start": [
              {
                "hours": 23,
                "minutes": 59
              }
            ],
            "created_at": "2023-02-16T10:42:46Z",
            "database": [
              {
                "name": "netology_db"
              }
            ],
            "deletion_protection": true,
            "description": "",
            "environment": "PRESTABLE",
            "folder_id": "b1ge911130k5mdbil616",
            "health": "HEALTH_UNKNOWN",
            "host": [
              {
                "assign_public_ip": false,
                "backup_priority": 0,
                "fqdn": "rc1a-jv3d64ws8fo06hyh.mdb.yandexcloud.net",
                "name": "",
                "priority": 0,
                "replication_source": "",
                "replication_source_name": "",
                "subnet_id": "e9b2p4k1j4mqc1imkm7d",
                "zone": "ru-central1-a"
              },
              {
                "assign_public_ip": false,
                "backup_priority": 0,
                "fqdn": "rc1b-mdqvx84eovj15o11.mdb.yandexcloud.net",
                "name": "",
                "priority": 0,
                "replication_source": "",
                "replication_source_name": "",
                "subnet_id": "e2l9um27k8ckud24dnke",
                "zone": "ru-central1-b"
              },
              {
                "assign_public_ip": false,
                "backup_priority": 0,
                "fqdn": "rc1c-0snaucic3vacm8ee.mdb.yandexcloud.net",
                "name": "",
                "priority": 0,
                "replication_source": "",
                "replication_source_name": "",
                "subnet_id": "b0c036d36feqhno6gv40",
                "zone": "ru-central1-c"
              }
            ],
            "host_group_ids": [],
            "id": "c9qf4epdq3frbunrns4i",
            "labels": null,
            "maintenance_window": [
              {
                "day": "",
                "hour": 0,
                "type": "ANYTIME"
              }
            ],
            "mysql_config": {
              "binlog_transaction_dependency_tracking": "0",
              "log_slow_rate_type": "0",
              "sql_mode": "ONLY_FULL_GROUP_BY,STRICT_TRANS_TABLES,NO_ZERO_IN_DATE,NO_ZERO_DATE,ERROR_FOR_DIVISION_BY_ZERO,NO_ENGINE_SUBSTITUTION"
            },
            "name": "mysql-cluster",
            "network_id": "enp9io8b82ceua4ifthi",
            "performance_diagnostics": [
              {
                "enabled": false,
                "sessions_sampling_interval": 60,
                "statements_sampling_interval": 600
              }
            ],
            "resources": [
              {
                "disk_size": 20,
                "disk_type_id": "network-ssd",
                "resource_preset_id": "b1.medium"
              }
            ],
            "restore": [],
            "security_group_ids": null,
            "status": "RUNNING",
            "timeouts": null,
            "user": [
              {
                "authentication_plugin": "",
                "connection_limits": [],
                "global_permissions": [],
                "name": "user",
                "password": "password",
                "permission": [
                  {
                    "database_name": "netology_db",
                    "roles": [
                      "ALL"
                    ]
                  }
                ]
              }
            ],
            "version": "8.0"
          },
          "sensitive_attributes": [],
          "private": "eyJlMmJmYjczMC1lY2FhLTExZTYtOGY4OC0zNDM2M2JjN2M0YzAiOnsiY3JlYXRlIjo5MDAwMDAwMDAwMDAsImRlbGV0ZSI6OTAwMDAwMDAwMDAwLCJ1cGRhdGUiOjM2MDAwMDAwMDAwMDB9fQ==",
          "dependencies": [
            "yandex_vpc_network.network-1",
            "yandex_vpc_subnet.private-subnet-a",
            "yandex_vpc_subnet.private-subnet-b",
            "yandex_vpc_subnet.private-subnet-c"
          ]
        }
      ]
    },
    {
      "mode": "managed",
      "type": "yandex_resourcemanager_folder_iam_binding",
      "name": "editor",
      "provider": "provider[\"registry.terraform.io/yandex-cloud/yandex\"]",
      "instances": [
        {
          "schema_version": 0,
          "attributes": {
            "folder_id": "b1ge911130k5mdbil616",
            "id": "b1ge911130k5mdbil616/editor",
            "members": [
              "serviceAccount:ajepjvc0ci2ag2phjmjq"
            ],
            "role": "editor",
            "sleep_after": null
          },
          "sensitive_attributes": [],
          "private": "bnVsbA==",
          "dependencies": [
            "yandex_iam_service_account.instances-editor"
          ]
        }
      ]
    },
    {
      "mode": "managed",
      "type": "yandex_resourcemanager_folder_iam_binding",
      "name": "puller",
      "provider": "provider[\"registry.terraform.io/yandex-cloud/yandex\"]",
      "instances": [
        {
          "schema_version": 0,
          "attributes": {
            "folder_id": "b1ge911130k5mdbil616",
            "id": "b1ge911130k5mdbil616/container-registry.images.puller",
            "members": [
              "serviceAccount:aje6fb7vkfgrg0e1jjeq"
            ],
            "role": "container-registry.images.puller",
            "sleep_after": null
          },
          "sensitive_attributes": [],
          "private": "bnVsbA==",
          "dependencies": [
            "yandex_iam_service_account.docker-registry"
          ]
        }
      ]
    },
    {
      "mode": "managed",
      "type": "yandex_resourcemanager_folder_iam_binding",
      "name": "pusher",
      "provider": "provider[\"registry.terraform.io/yandex-cloud/yandex\"]",
      "instances": [
        {
          "schema_version": 0,
          "attributes": {
            "folder_id": "b1ge911130k5mdbil616",
            "id": "b1ge911130k5mdbil616/container-registry.images.pusher",
            "members": [
              "serviceAccount:aje6fb7vkfgrg0e1jjeq"
            ],
            "role": "container-registry.images.pusher",
            "sleep_after": null
          },
          "sensitive_attributes": [],
          "private": "bnVsbA==",
          "dependencies": [
            "yandex_iam_service_account.docker-registry"
          ]
        }
      ]
    },
    {
      "mode": "managed",
      "type": "yandex_vpc_network",
      "name": "network-1",
      "provider": "provider[\"registry.terraform.io/yandex-cloud/yandex\"]",
      "instances": [
        {
          "schema_version": 0,
          "attributes": {
            "created_at": "2023-02-16T10:42:41Z",
            "default_security_group_id": "",
            "description": "",
            "folder_id": "b1ge911130k5mdbil616",
            "id": "enp9io8b82ceua4ifthi",
            "labels": {},
            "name": "network-1",
            "subnet_ids": [],
            "timeouts": null
          },
          "sensitive_attributes": [],
          "private": "eyJlMmJmYjczMC1lY2FhLTExZTYtOGY4OC0zNDM2M2JjN2M0YzAiOnsiY3JlYXRlIjo2MDAwMDAwMDAwMCwiZGVsZXRlIjo2MDAwMDAwMDAwMCwidXBkYXRlIjo2MDAwMDAwMDAwMH19"
        }
      ]
    },
    {
      "mode": "managed",
      "type": "yandex_vpc_subnet",
      "name": "private-subnet-a",
      "provider": "provider[\"registry.terraform.io/yandex-cloud/yandex\"]",
      "instances": [
        {
          "schema_version": 0,
          "attributes": {
            "created_at": "2023-02-16T10:42:45Z",
            "description": "",
            "dhcp_options": [],
            "folder_id": "b1ge911130k5mdbil616",
            "id": "e9b2p4k1j4mqc1imkm7d",
            "labels": {},
            "name": "private-subnet-a",
            "network_id": "enp9io8b82ceua4ifthi",
            "route_table_id": "",
            "timeouts": null,
            "v4_cidr_blocks": [
              "192.168.10.0/24"
            ],
            "v6_cidr_blocks": [],
            "zone": "ru-central1-a"
          },
          "sensitive_attributes": [],
          "private": "eyJlMmJmYjczMC1lY2FhLTExZTYtOGY4OC0zNDM2M2JjN2M0YzAiOnsiY3JlYXRlIjoxODAwMDAwMDAwMDAsImRlbGV0ZSI6MTgwMDAwMDAwMDAwLCJ1cGRhdGUiOjE4MDAwMDAwMDAwMH19",
          "dependencies": [
            "yandex_vpc_network.network-1"
          ]
        }
      ]
    },
    {
      "mode": "managed",
      "type": "yandex_vpc_subnet",
      "name": "private-subnet-b",
      "provider": "provider[\"registry.terraform.io/yandex-cloud/yandex\"]",
      "instances": [
        {
          "schema_version": 0,
          "attributes": {
            "created_at": "2023-02-16T10:42:44Z",
            "description": "",
            "dhcp_options": [],
            "folder_id": "b1ge911130k5mdbil616",
            "id": "e2l9um27k8ckud24dnke",
            "labels": {},
            "name": "private-subnet-b",
            "network_id": "enp9io8b82ceua4ifthi",
            "route_table_id": "",
            "timeouts": null,
            "v4_cidr_blocks": [
              "192.168.20.0/24"
            ],
            "v6_cidr_blocks": [],
            "zone": "ru-central1-b"
          },
          "sensitive_attributes": [],
          "private": "eyJlMmJmYjczMC1lY2FhLTExZTYtOGY4OC0zNDM2M2JjN2M0YzAiOnsiY3JlYXRlIjoxODAwMDAwMDAwMDAsImRlbGV0ZSI6MTgwMDAwMDAwMDAwLCJ1cGRhdGUiOjE4MDAwMDAwMDAwMH19",
          "dependencies": [
            "yandex_vpc_network.network-1"
          ]
        }
      ]
    },
    {
      "mode": "managed",
      "type": "yandex_vpc_subnet",
      "name": "private-subnet-c",
      "provider": "provider[\"registry.terraform.io/yandex-cloud/yandex\"]",
      "instances": [
        {
          "schema_version": 0,
          "attributes": {
            "created_at": "2023-02-16T10:42:42Z",
            "description": "",
            "dhcp_options": [],
            "folder_id": "b1ge911130k5mdbil616",
            "id": "b0c036d36feqhno6gv40",
            "labels": {},
            "name": "private-subnet-c",
            "network_id": "enp9io8b82ceua4ifthi",
            "route_table_id": "",
            "timeouts": null,
            "v4_cidr_blocks": [
              "192.168.30.0/24"
            ],
            "v6_cidr_blocks": [],
            "zone": "ru-central1-c"
          },
          "sensitive_attributes": [],
          "private": "eyJlMmJmYjczMC1lY2FhLTExZTYtOGY4OC0zNDM2M2JjN2M0YzAiOnsiY3JlYXRlIjoxODAwMDAwMDAwMDAsImRlbGV0ZSI6MTgwMDAwMDAwMDAwLCJ1cGRhdGUiOjE4MDAwMDAwMDAwMH19",
          "dependencies": [
            "yandex_vpc_network.network-1"
          ]
        }
      ]
    },
    {
      "mode": "managed",
      "type": "yandex_vpc_subnet",
      "name": "public-subnet-a",
      "provider": "provider[\"registry.terraform.io/yandex-cloud/yandex\"]",
      "instances": [
        {
          "schema_version": 0,
          "attributes": {
            "created_at": "2023-02-16T10:42:43Z",
            "description": "",
            "dhcp_options": [],
            "folder_id": "b1ge911130k5mdbil616",
            "id": "e9b2qvnnk83n42ks2dbo",
            "labels": {},
            "name": "public-subnet-a",
            "network_id": "enp9io8b82ceua4ifthi",
            "route_table_id": "",
            "timeouts": null,
            "v4_cidr_blocks": [
              "10.10.0.0/16"
            ],
            "v6_cidr_blocks": [],
            "zone": "ru-central1-a"
          },
          "sensitive_attributes": [],
          "private": "eyJlMmJmYjczMC1lY2FhLTExZTYtOGY4OC0zNDM2M2JjN2M0YzAiOnsiY3JlYXRlIjoxODAwMDAwMDAwMDAsImRlbGV0ZSI6MTgwMDAwMDAwMDAwLCJ1cGRhdGUiOjE4MDAwMDAwMDAwMH19",
          "dependencies": [
            "yandex_vpc_network.network-1"
          ]
        }
      ]
    },
    {
      "mode": "managed",
      "type": "yandex_vpc_subnet",
      "name": "public-subnet-b",
      "provider": "provider[\"registry.terraform.io/yandex-cloud/yandex\"]",
      "instances": [
        {
          "schema_version": 0,
          "attributes": {
            "created_at": "2023-02-16T10:42:45Z",
            "description": "",
            "dhcp_options": [],
            "folder_id": "b1ge911130k5mdbil616",
            "id": "e2l47vgtv5io5eov4gh8",
            "labels": {},
            "name": "public-subnet-b",
            "network_id": "enp9io8b82ceua4ifthi",
            "route_table_id": "",
            "timeouts": null,
            "v4_cidr_blocks": [
              "10.11.0.0/16"
            ],
            "v6_cidr_blocks": [],
            "zone": "ru-central1-b"
          },
          "sensitive_attributes": [],
          "private": "eyJlMmJmYjczMC1lY2FhLTExZTYtOGY4OC0zNDM2M2JjN2M0YzAiOnsiY3JlYXRlIjoxODAwMDAwMDAwMDAsImRlbGV0ZSI6MTgwMDAwMDAwMDAwLCJ1cGRhdGUiOjE4MDAwMDAwMDAwMH19",
          "dependencies": [
            "yandex_vpc_network.network-1"
          ]
        }
      ]
    },
    {
      "mode": "managed",
      "type": "yandex_vpc_subnet",
      "name": "public-subnet-c",
      "provider": "provider[\"registry.terraform.io/yandex-cloud/yandex\"]",
      "instances": [
        {
          "schema_version": 0,
          "attributes": {
            "created_at": "2023-02-16T10:42:43Z",
            "description": "",
            "dhcp_options": [],
            "folder_id": "b1ge911130k5mdbil616",
            "id": "b0ciu6lj4jdlojhe0260",
            "labels": {},
            "name": "public-subnet-c",
            "network_id": "enp9io8b82ceua4ifthi",
            "route_table_id": "",
            "timeouts": null,
            "v4_cidr_blocks": [
              "10.12.0.0/16"
            ],
            "v6_cidr_blocks": [],
            "zone": "ru-central1-c"
          },
          "sensitive_attributes": [],
          "private": "eyJlMmJmYjczMC1lY2FhLTExZTYtOGY4OC0zNDM2M2JjN2M0YzAiOnsiY3JlYXRlIjoxODAwMDAwMDAwMDAsImRlbGV0ZSI6MTgwMDAwMDAwMDAwLCJ1cGRhdGUiOjE4MDAwMDAwMDAwMH19",
          "dependencies": [
            "yandex_vpc_network.network-1"
          ]
        }
      ]
    }
  ],
  "check_results": null
}
